
Microsoft Visual Studio Solution File, Format Version 12.00
Project("{FAE04EC0-301F-11D3-BF4B-00C04F79EFBC}") = "Exchange.Portal.Web", "src\Server\Exchange.Portal.Web\Exchange.Portal.Web.csproj", "{43FAF450-3ACA-41FA-9318-E74F33412FAF}"
EndProject
Project("{FAE04EC0-301F-11D3-BF4B-00C04F79EFBC}") = "Exchange.Portal.ApplicationCore", "src\Server\Exchange.Portal.ApplicationCore\Exchange.Portal.ApplicationCore.csproj", "{FF5FCE54-BA5B-419F-8051-808EAE424663}"
EndProject
Project("{FAE04EC0-301F-11D3-BF4B-00C04F79EFBC}") = "Exchange.Portal.Infrastructure", "src\Server\Exchange.Portal.Infrastructure\Exchange.Portal.Infrastructure.csproj", "{9DA3893D-4050-44F5-B035-5260E34688D4}"
EndProject
Project("{FAE04EC0-301F-11D3-BF4B-00C04F79EFBC}") = "Exchange.Portal.Presentation", "src\Server\Exchange.Portal.Presentation\Exchange.Portal.Presentation.csproj", "{127C3E94-44FA-4C15-9380-CABF2320F39C}"
EndProject
Project("{2150E333-8FDC-42A3-9474-1A3956D46DE8}") = "Solution items", "Solution items", "{5847C699-8003-4D88-AB6D-9F072D1A81E3}"
	ProjectSection(SolutionItems) = preProject
		.github\workflows\frontend-deployment.yml = .github\workflows\frontend-deployment.yml
		.github\workflows\backend-deployment.yaml = .github\workflows\backend-deployment.yaml
		.github\workflows\code-coverage.yaml = .github\workflows\code-coverage.yaml
		.github\workflows\backend-build.yaml = .github\workflows\backend-build.yaml
	EndProjectSection
EndProject
Project("{2150E333-8FDC-42A3-9474-1A3956D46DE8}") = "test", "test", "{60F9D035-0872-47DC-8D38-EFD833CF7DAA}"
EndProject
Project("{2150E333-8FDC-42A3-9474-1A3956D46DE8}") = "src", "src", "{C9C857DB-9039-4822-8ADC-60C568E10788}"
EndProject
Project("{FAE04EC0-301F-11D3-BF4B-00C04F79EFBC}") = "Exchange.Portal.UnitTests", "tests\Exchange.Portal.UnitTests\Exchange.Portal.UnitTests.csproj", "{27109B90-290B-46DA-A2C4-2C7B50BAC259}"
EndProject
Project("{FAE04EC0-301F-11D3-BF4B-00C04F79EFBC}") = "Exchange.Portal.IntegrationTests", "tests\Exchange.Portal.IntegrationTests\Exchange.Portal.IntegrationTests.csproj", "{4FCCA0AD-D077-452D-88BF-622EE57E51B6}"
EndProject
Global
	GlobalSection(SolutionConfigurationPlatforms) = preSolution
		Debug|Any CPU = Debug|Any CPU
		Release|Any CPU = Release|Any CPU
	EndGlobalSection
	GlobalSection(ProjectConfigurationPlatforms) = postSolution
		{43FAF450-3ACA-41FA-9318-E74F33412FAF}.Debug|Any CPU.ActiveCfg = Debug|Any CPU
		{43FAF450-3ACA-41FA-9318-E74F33412FAF}.Debug|Any CPU.Build.0 = Debug|Any CPU
		{43FAF450-3ACA-41FA-9318-E74F33412FAF}.Release|Any CPU.ActiveCfg = Release|Any CPU
		{43FAF450-3ACA-41FA-9318-E74F33412FAF}.Release|Any CPU.Build.0 = Release|Any CPU
		{FF5FCE54-BA5B-419F-8051-808EAE424663}.Debug|Any CPU.ActiveCfg = Debug|Any CPU
		{FF5FCE54-BA5B-419F-8051-808EAE424663}.Debug|Any CPU.Build.0 = Debug|Any CPU
		{FF5FCE54-BA5B-419F-8051-808EAE424663}.Release|Any CPU.ActiveCfg = Release|Any CPU
		{FF5FCE54-BA5B-419F-8051-808EAE424663}.Release|Any CPU.Build.0 = Release|Any CPU
		{9DA3893D-4050-44F5-B035-5260E34688D4}.Debug|Any CPU.ActiveCfg = Debug|Any CPU
		{9DA3893D-4050-44F5-B035-5260E34688D4}.Debug|Any CPU.Build.0 = Debug|Any CPU
		{9DA3893D-4050-44F5-B035-5260E34688D4}.Release|Any CPU.ActiveCfg = Release|Any CPU
		{9DA3893D-4050-44F5-B035-5260E34688D4}.Release|Any CPU.Build.0 = Release|Any CPU
		{127C3E94-44FA-4C15-9380-CABF2320F39C}.Debug|Any CPU.ActiveCfg = Debug|Any CPU
		{127C3E94-44FA-4C15-9380-CABF2320F39C}.Debug|Any CPU.Build.0 = Debug|Any CPU
		{127C3E94-44FA-4C15-9380-CABF2320F39C}.Release|Any CPU.ActiveCfg = Release|Any CPU
		{127C3E94-44FA-4C15-9380-CABF2320F39C}.Release|Any CPU.Build.0 = Release|Any CPU
		{27109B90-290B-46DA-A2C4-2C7B50BAC259}.Debug|Any CPU.ActiveCfg = Debug|Any CPU
		{27109B90-290B-46DA-A2C4-2C7B50BAC259}.Debug|Any CPU.Build.0 = Debug|Any CPU
		{27109B90-290B-46DA-A2C4-2C7B50BAC259}.Release|Any CPU.ActiveCfg = Release|Any CPU
		{27109B90-290B-46DA-A2C4-2C7B50BAC259}.Release|Any CPU.Build.0 = Release|Any CPU
		{4FCCA0AD-D077-452D-88BF-622EE57E51B6}.Debug|Any CPU.ActiveCfg = Debug|Any CPU
		{4FCCA0AD-D077-452D-88BF-622EE57E51B6}.Debug|Any CPU.Build.0 = Debug|Any CPU
		{4FCCA0AD-D077-452D-88BF-622EE57E51B6}.Release|Any CPU.ActiveCfg = Release|Any CPU
		{4FCCA0AD-D077-452D-88BF-622EE57E51B6}.Release|Any CPU.Build.0 = Release|Any CPU
	EndGlobalSection
	GlobalSection(NestedProjects) = preSolution
		{FF5FCE54-BA5B-419F-8051-808EAE424663} = {C9C857DB-9039-4822-8ADC-60C568E10788}
		{9DA3893D-4050-44F5-B035-5260E34688D4} = {C9C857DB-9039-4822-8ADC-60C568E10788}
		{127C3E94-44FA-4C15-9380-CABF2320F39C} = {C9C857DB-9039-4822-8ADC-60C568E10788}
		{43FAF450-3ACA-41FA-9318-E74F33412FAF} = {C9C857DB-9039-4822-8ADC-60C568E10788}
		{27109B90-290B-46DA-A2C4-2C7B50BAC259} = {60F9D035-0872-47DC-8D38-EFD833CF7DAA}
		{4FCCA0AD-D077-452D-88BF-622EE57E51B6} = {60F9D035-0872-47DC-8D38-EFD833CF7DAA}
	EndGlobalSection
EndGlobal
